
Microsoft Visual Studio Solution File, Format Version 12.00
# Visual Studio Version 16
VisualStudioVersion = 16.0.30330.147
MinimumVisualStudioVersion = 10.0.40219.1
Project("{FAE04EC0-301F-11D3-BF4B-00C04F79EFBC}") = "циклы (2)", "циклы (2)\циклы (2).csproj", "{F5BAB100-C2DE-4E70-8BEC-49B37F0633D3}"
EndProject
Global
	GlobalSection(SolutionConfigurationPlatforms) = preSolution
		Debug|Any CPU = Debug|Any CPU
		Release|Any CPU = Release|Any CPU
	EndGlobalSection
	GlobalSection(ProjectConfigurationPlatforms) = postSolution
		{F5BAB100-C2DE-4E70-8BEC-49B37F0633D3}.Debug|Any CPU.ActiveCfg = Debug|Any CPU
		{F5BAB100-C2DE-4E70-8BEC-49B37F0633D3}.Debug|Any CPU.Build.0 = Debug|Any CPU
		{F5BAB100-C2DE-4E70-8BEC-49B37F0633D3}.Release|Any CPU.ActiveCfg = Release|Any CPU
		{F5BAB100-C2DE-4E70-8BEC-49B37F0633D3}.Release|Any CPU.Build.0 = Release|Any CPU
	EndGlobalSection
	GlobalSection(SolutionProperties) = preSolution
		HideSolutionNode = FALSE
	EndGlobalSection
	GlobalSection(ExtensibilityGlobals) = postSolution
		SolutionGuid = {0DF829AF-A410-44C2-95C3-6C3811989D21}
	EndGlobalSection
EndGlobal
